{
  "name": "practices",
  "version": "1.0.0",
  "lockfileVersion": 2,
  "requires": true,
  "packages": {
    "": {
      "name": "practices",
      "version": "1.0.0",
      "dependencies": {
        "lodash": "^4.17.15",
        "node-interval-tree": "^2.0.1"
      },
      "devDependencies": {}
    },
    "node_modules/lodash": {
      "version": "4.17.15",
      "resolved": "https://registry.npmjs.org/lodash/-/lodash-4.17.15.tgz",
      "integrity": "sha512-8xOcRHvCjnocdS5cpwXQXVzmmh5e5+saE2QGoeQmbKmRS6J3VQppPOIt0MnmE+4xlZoumy0GPG0D0MVIQbNA1A=="
    },
    "node_modules/node-interval-tree": {
      "version": "2.0.1",
      "resolved": "https://registry.npmjs.org/node-interval-tree/-/node-interval-tree-2.0.1.tgz",
      "integrity": "sha512-KodzC8le4U8LOmCvn1wSyIY8eplzRSjsLMzs0EjLteCXWDjRpCTzrjtQ4t8jh3w3r6OIglha1zChzjRYMVwuLA==",
      "dependencies": {
        "shallowequal": "^1.1.0"
      },
      "engines": {
        "node": ">= 14.0.0"
      }
    },
    "node_modules/shallowequal": {
      "version": "1.1.0",
      "resolved": "https://registry.npmjs.org/shallowequal/-/shallowequal-1.1.0.tgz",
      "integrity": "sha512-y0m1JoUZSlPAjXVtPPW70aZWfIL/dSP7AFkRnniLCrK/8MDKog3TySTBmckD+RObVxH0v4Tox67+F14PdED2oQ=="
    }
  },
  "dependencies": {
    "lodash": {
      "version": "4.17.15",
      "resolved": "https://registry.npmjs.org/lodash/-/lodash-4.17.15.tgz",
      "integrity": "sha512-8xOcRHvCjnocdS5cpwXQXVzmmh5e5+saE2QGoeQmbKmRS6J3VQppPOIt0MnmE+4xlZoumy0GPG0D0MVIQbNA1A=="
    },
    "node-interval-tree": {
      "version": "2.0.1",
      "resolved": "https://registry.npmjs.org/node-interval-tree/-/node-interval-tree-2.0.1.tgz",
      "integrity": "sha512-KodzC8le4U8LOmCvn1wSyIY8eplzRSjsLMzs0EjLteCXWDjRpCTzrjtQ4t8jh3w3r6OIglha1zChzjRYMVwuLA==",
      "requires": {
        "shallowequal": "^1.1.0"
      }
    },
    "shallowequal": {
      "version": "1.1.0",
      "resolved": "https://registry.npmjs.org/shallowequal/-/shallowequal-1.1.0.tgz",
      "integrity": "sha512-y0m1JoUZSlPAjXVtPPW70aZWfIL/dSP7AFkRnniLCrK/8MDKog3TySTBmckD+RObVxH0v4Tox67+F14PdED2oQ=="
    }
  }
}
